
Microsoft Visual Studio Solution File, Format Version 12.00
# Visual Studio Version 16
VisualStudioVersion = 16.0.30011.22
MinimumVisualStudioVersion = 10.0.40219.1
Project("{FAE04EC0-301F-11D3-BF4B-00C04F79EFBC}") = "RegistrationSQLServer", "RegistrationSQLServer\RegistrationSQLServer.csproj", "{72F0529C-76B6-4218-81B7-851739905FD8}"
EndProject
Project("{00D1A9C2-B5F0-4AF3-8072-F6C62B433612}") = "RegistrationDB", "RegistrationDB\RegistrationDB.sqlproj", "{2BF77C1C-F873-437C-9475-820CC4A63DC1}"
EndProject
Global
	GlobalSection(SolutionConfigurationPlatforms) = preSolution
		Debug|Any CPU = Debug|Any CPU
		Release|Any CPU = Release|Any CPU
	EndGlobalSection
	GlobalSection(ProjectConfigurationPlatforms) = postSolution
		{72F0529C-76B6-4218-81B7-851739905FD8}.Debug|Any CPU.ActiveCfg = Debug|Any CPU
		{72F0529C-76B6-4218-81B7-851739905FD8}.Debug|Any CPU.Build.0 = Debug|Any CPU
		{72F0529C-76B6-4218-81B7-851739905FD8}.Release|Any CPU.ActiveCfg = Release|Any CPU
		{72F0529C-76B6-4218-81B7-851739905FD8}.Release|Any CPU.Build.0 = Release|Any CPU
		{2BF77C1C-F873-437C-9475-820CC4A63DC1}.Debug|Any CPU.ActiveCfg = Debug|Any CPU
		{2BF77C1C-F873-437C-9475-820CC4A63DC1}.Debug|Any CPU.Build.0 = Debug|Any CPU
		{2BF77C1C-F873-437C-9475-820CC4A63DC1}.Debug|Any CPU.Deploy.0 = Debug|Any CPU
		{2BF77C1C-F873-437C-9475-820CC4A63DC1}.Release|Any CPU.ActiveCfg = Release|Any CPU
		{2BF77C1C-F873-437C-9475-820CC4A63DC1}.Release|Any CPU.Build.0 = Release|Any CPU
		{2BF77C1C-F873-437C-9475-820CC4A63DC1}.Release|Any CPU.Deploy.0 = Release|Any CPU
	EndGlobalSection
	GlobalSection(SolutionProperties) = preSolution
		HideSolutionNode = FALSE
	EndGlobalSection
	GlobalSection(ExtensibilityGlobals) = postSolution
		SolutionGuid = {4141023F-D0FB-4825-B7E9-C2F06EC41B74}
	EndGlobalSection
EndGlobal
